<?xml version="1.0" encoding="utf-8"?>
<Project ToolsVersion="4.0" xmlns="http://schemas.microsoft.com/developer/msbuild/2003">
  <ItemGroup>
    <Filter Include="Header Files">
      <UniqueIdentifier>{93995380-89BD-4b04-88EB-625FBE52EBFB}</UniqueIdentifier>
      <Extensions>h;hh;hpp;hxx;h++;hm;inl;inc;ipp;xsd</Extensions>
    </Filter>
    <Filter Include="Resource Files">
      <UniqueIdentifier>{67DA6AB6-F800-4c08-8B7A-83BB121AAD01}</UniqueIdentifier>
      <Extensions>rc;ico;cur;bmp;dlg;rc2;rct;bin;rgs;gif;jpg;jpeg;jpe;resx;tiff;tif;png;wav;mfcribbon-ms</Extensions>
    </Filter>
    <Filter Include="Resource Files\Renderer">
      <UniqueIdentifier>{b40028b4-41aa-444d-a3fa-5b0f926abc9e}</UniqueIdentifier>
    </Filter>
    <Filter Include="Resource Files\Math">
      <UniqueIdentifier>{a9ef5c63-f53d-4293-ac0b-fa1c7c148b2a}</UniqueIdentifier>
    </Filter>
    <Filter Include="Resource Files\Objects">
      <UniqueIdentifier>{a6513c4e-ad65-4f19-823a-81c4ba5fb41e}</UniqueIdentifier>
    </Filter>
  </ItemGroup>
  <ItemGroup>
    <ClCompile Include="Main.cpp">
      <Filter>Resource Files</Filter>
    </ClCompile>
    <ClCompile Include="Renderer\Renderer.cpp">
      <Filter>Resource Files\Renderer</Filter>
    </ClCompile>
    <ClCompile Include="Renderer\Canvas.cpp">
      <Filter>Resource Files\Renderer</Filter>
    </ClCompile>
    <ClCompile Include="Objects\Sphere.cpp">
      <Filter>Resource Files\Objects</Filter>
    </ClCompile>
    <ClCompile Include="Renderer\Material.cpp">
      <Filter>Resource Files\Renderer</Filter>
    </ClCompile>
    <ClCompile Include="Objects\Scene.cpp">
      <Filter>Resource Files\Objects</Filter>
    </ClCompile>
    <ClCompile Include="Renderer\Camera.cpp">
      <Filter>Resource Files\Renderer</Filter>
    </ClCompile>
    <ClCompile Include="Objects\Plane.cpp">
      <Filter>Resource Files\Objects</Filter>
    </ClCompile>
  </ItemGroup>
  <ItemGroup>
    <ClInclude Include="Renderer\Renderer.h">
      <Filter>Resource Files\Renderer</Filter>
    </ClInclude>
    <ClInclude Include="Math\MathUtils.h">
      <Filter>Resource Files\Math</Filter>
    </ClInclude>
    <ClInclude Include="Math\Color.h">
      <Filter>Resource Files\Math</Filter>
    </ClInclude>
    <ClInclude Include="Renderer\Canvas.h">
      <Filter>Resource Files\Renderer</Filter>
    </ClInclude>
    <ClInclude Include="Renderer\Material.h">
      <Filter>Resource Files\Renderer</Filter>
    </ClInclude>
    <ClInclude Include="Objects\Object.h">
      <Filter>Resource Files\Objects</Filter>
    </ClInclude>
    <ClInclude Include="Objects\Sphere.h">
      <Filter>Resource Files\Objects</Filter>
    </ClInclude>
    <ClInclude Include="Math\Ray.h">
      <Filter>Resource Files\Math</Filter>
    </ClInclude>
    <ClInclude Include="Objects\Scene.h">
      <Filter>Resource Files\Objects</Filter>
    </ClInclude>
    <ClInclude Include="Renderer\Camera.h">
      <Filter>Resource Files\Renderer</Filter>
    </ClInclude>
    <ClInclude Include="Objects\Plane.h">
      <Filter>Resource Files\Objects</Filter>
    </ClInclude>
  </ItemGroup>
</Project>